
Microsoft Visual Studio Solution File, Format Version 12.00
# Visual Studio Version 17
VisualStudioVersion = 17.4.33205.214
MinimumVisualStudioVersion = 10.0.40219.1
Project("{2150E333-8FDC-42A3-9474-1A3956D46DE8}") = "Services", "Services", "{4E6E98AB-3B40-424E-9E77-8A516D3DDE27}"
EndProject
Project("{2150E333-8FDC-42A3-9474-1A3956D46DE8}") = "Catalog", "Catalog", "{271421EA-3FDB-4164-9E5E-A35130AA8127}"
EndProject
Project("{9A19103F-16F7-4668-BE54-9A1E7A4F7556}") = "Catalog.Api", "Services\Catalog\Catalog.Api\Catalog.Api.csproj", "{C140D10A-58D6-4877-94B1-BBD14727936F}"
EndProject
Project("{2150E333-8FDC-42A3-9474-1A3956D46DE8}") = "Solution Items", "Solution Items", "{94859A36-6D53-427A-8263-26042E04B9EB}"
	ProjectSection(SolutionItems) = preProject
		Ports.txt = Ports.txt
	EndProjectSection
EndProject
Project("{2150E333-8FDC-42A3-9474-1A3956D46DE8}") = "Shared", "Shared", "{CD1B3154-00F9-422A-A89D-2CFBCA49473B}"
EndProject
Project("{2150E333-8FDC-42A3-9474-1A3956D46DE8}") = "IdentityServer", "IdentityServer", "{98E4D157-D145-467D-AC7A-86CB75A8B0A2}"
EndProject
Project("{9A19103F-16F7-4668-BE54-9A1E7A4F7556}") = "Bookshop.IdentityServer", "IdentityServer\Bookshop.IdentityServer\Bookshop.IdentityServer.csproj", "{A471CB4F-DF3C-46AD-9D86-896611979255}"
EndProject
Project("{9A19103F-16F7-4668-BE54-9A1E7A4F7556}") = "Bookshop.Shared", "Shared\Bookshop.Shared\Bookshop.Shared.csproj", "{75D41D9A-06AD-48CE-AC48-285272BAA05D}"
EndProject
Project("{2150E333-8FDC-42A3-9474-1A3956D46DE8}") = "PhotoStock", "PhotoStock", "{D1ED073E-E3C4-41B2-8B63-AA25335FFC7F}"
EndProject
Project("{9A19103F-16F7-4668-BE54-9A1E7A4F7556}") = "Bookshop.PhotoStock", "Services\PhotoStcok\Bookshop.PhotoStock\Bookshop.PhotoStock.csproj", "{0D558EDA-0037-47D7-9064-1BB5A6EEA00A}"
EndProject
Project("{2150E333-8FDC-42A3-9474-1A3956D46DE8}") = "Basket", "Basket", "{7660F5D3-4BCF-4247-B4C7-94AA74160420}"
EndProject
Project("{9A19103F-16F7-4668-BE54-9A1E7A4F7556}") = "Bookshop.Basket", "Services\Basket\Bookshop.Basket\Bookshop.Basket.csproj", "{90982B93-299C-4076-804F-C2F323B0908B}"
EndProject
Project("{2150E333-8FDC-42A3-9474-1A3956D46DE8}") = "Discount", "Discount", "{4B3ED3C5-E5AD-4063-99A2-902A36795DF7}"
EndProject
Project("{9A19103F-16F7-4668-BE54-9A1E7A4F7556}") = "Bookshop.Discount", "Services\Discount\Bookshop.Discount\Bookshop.Discount.csproj", "{58234B84-D66A-4D8B-B676-18A22FA3C006}"
EndProject
Project("{2150E333-8FDC-42A3-9474-1A3956D46DE8}") = "Order", "Order", "{45E03D3C-AFA6-4C69-81F1-1BC279CC0598}"
EndProject
Project("{FAE04EC0-301F-11D3-BF4B-00C04F79EFBC}") = "Bookshop.Order.API", "Services\Order\Bookshop.Order.API\Bookshop.Order.API.csproj", "{CA6E3FCC-BDFC-4403-94CE-0562294A80C2}"
EndProject
Project("{FAE04EC0-301F-11D3-BF4B-00C04F79EFBC}") = "Bookshop.Order.Application", "Services\Order\Bookshop.Order.Application\Bookshop.Order.Application.csproj", "{BD2F8143-858D-4EF4-987D-AF7AC975194A}"
EndProject
Project("{FAE04EC0-301F-11D3-BF4B-00C04F79EFBC}") = "Bookshop.Order.Domain", "Services\Order\Bookshop.Order.Domain\Bookshop.Order.Domain.csproj", "{04C5C50E-FFE5-4E62-95F0-F81E34853061}"
EndProject
Project("{FAE04EC0-301F-11D3-BF4B-00C04F79EFBC}") = "Bookshop.Order.Domain.Core", "Services\Order\Bookshop.Order.Domain.Core\Bookshop.Order.Domain.Core.csproj", "{6AB10FD9-43D1-409A-A16A-627BFEB8BDE9}"
EndProject
Project("{FAE04EC0-301F-11D3-BF4B-00C04F79EFBC}") = "Bookshop.Order.Infrastructure", "Services\Order\Bookshop.Order.Infrastructure\Bookshop.Order.Infrastructure.csproj", "{971E2AC6-0C9A-4247-9D4A-E3A01F3C3771}"
EndProject
Global
	GlobalSection(SolutionConfigurationPlatforms) = preSolution
		Debug|Any CPU = Debug|Any CPU
		Release|Any CPU = Release|Any CPU
	EndGlobalSection
	GlobalSection(ProjectConfigurationPlatforms) = postSolution
		{C140D10A-58D6-4877-94B1-BBD14727936F}.Debug|Any CPU.ActiveCfg = Debug|Any CPU
		{C140D10A-58D6-4877-94B1-BBD14727936F}.Debug|Any CPU.Build.0 = Debug|Any CPU
		{C140D10A-58D6-4877-94B1-BBD14727936F}.Release|Any CPU.ActiveCfg = Release|Any CPU
		{C140D10A-58D6-4877-94B1-BBD14727936F}.Release|Any CPU.Build.0 = Release|Any CPU
		{A471CB4F-DF3C-46AD-9D86-896611979255}.Debug|Any CPU.ActiveCfg = Debug|Any CPU
		{A471CB4F-DF3C-46AD-9D86-896611979255}.Debug|Any CPU.Build.0 = Debug|Any CPU
		{A471CB4F-DF3C-46AD-9D86-896611979255}.Release|Any CPU.ActiveCfg = Release|Any CPU
		{A471CB4F-DF3C-46AD-9D86-896611979255}.Release|Any CPU.Build.0 = Release|Any CPU
		{75D41D9A-06AD-48CE-AC48-285272BAA05D}.Debug|Any CPU.ActiveCfg = Debug|Any CPU
		{75D41D9A-06AD-48CE-AC48-285272BAA05D}.Debug|Any CPU.Build.0 = Debug|Any CPU
		{75D41D9A-06AD-48CE-AC48-285272BAA05D}.Release|Any CPU.ActiveCfg = Release|Any CPU
		{75D41D9A-06AD-48CE-AC48-285272BAA05D}.Release|Any CPU.Build.0 = Release|Any CPU
		{0D558EDA-0037-47D7-9064-1BB5A6EEA00A}.Debug|Any CPU.ActiveCfg = Debug|Any CPU
		{0D558EDA-0037-47D7-9064-1BB5A6EEA00A}.Debug|Any CPU.Build.0 = Debug|Any CPU
		{0D558EDA-0037-47D7-9064-1BB5A6EEA00A}.Release|Any CPU.ActiveCfg = Release|Any CPU
		{0D558EDA-0037-47D7-9064-1BB5A6EEA00A}.Release|Any CPU.Build.0 = Release|Any CPU
		{90982B93-299C-4076-804F-C2F323B0908B}.Debug|Any CPU.ActiveCfg = Debug|Any CPU
		{90982B93-299C-4076-804F-C2F323B0908B}.Debug|Any CPU.Build.0 = Debug|Any CPU
		{90982B93-299C-4076-804F-C2F323B0908B}.Release|Any CPU.ActiveCfg = Release|Any CPU
		{90982B93-299C-4076-804F-C2F323B0908B}.Release|Any CPU.Build.0 = Release|Any CPU
		{58234B84-D66A-4D8B-B676-18A22FA3C006}.Debug|Any CPU.ActiveCfg = Debug|Any CPU
		{58234B84-D66A-4D8B-B676-18A22FA3C006}.Debug|Any CPU.Build.0 = Debug|Any CPU
		{58234B84-D66A-4D8B-B676-18A22FA3C006}.Release|Any CPU.ActiveCfg = Release|Any CPU
		{58234B84-D66A-4D8B-B676-18A22FA3C006}.Release|Any CPU.Build.0 = Release|Any CPU
		{CA6E3FCC-BDFC-4403-94CE-0562294A80C2}.Debug|Any CPU.ActiveCfg = Debug|Any CPU
		{CA6E3FCC-BDFC-4403-94CE-0562294A80C2}.Debug|Any CPU.Build.0 = Debug|Any CPU
		{CA6E3FCC-BDFC-4403-94CE-0562294A80C2}.Release|Any CPU.ActiveCfg = Release|Any CPU
		{CA6E3FCC-BDFC-4403-94CE-0562294A80C2}.Release|Any CPU.Build.0 = Release|Any CPU
		{BD2F8143-858D-4EF4-987D-AF7AC975194A}.Debug|Any CPU.ActiveCfg = Debug|Any CPU
		{BD2F8143-858D-4EF4-987D-AF7AC975194A}.Debug|Any CPU.Build.0 = Debug|Any CPU
		{BD2F8143-858D-4EF4-987D-AF7AC975194A}.Release|Any CPU.ActiveCfg = Release|Any CPU
		{BD2F8143-858D-4EF4-987D-AF7AC975194A}.Release|Any CPU.Build.0 = Release|Any CPU
		{04C5C50E-FFE5-4E62-95F0-F81E34853061}.Debug|Any CPU.ActiveCfg = Debug|Any CPU
		{04C5C50E-FFE5-4E62-95F0-F81E34853061}.Debug|Any CPU.Build.0 = Debug|Any CPU
		{04C5C50E-FFE5-4E62-95F0-F81E34853061}.Release|Any CPU.ActiveCfg = Release|Any CPU
		{04C5C50E-FFE5-4E62-95F0-F81E34853061}.Release|Any CPU.Build.0 = Release|Any CPU
		{6AB10FD9-43D1-409A-A16A-627BFEB8BDE9}.Debug|Any CPU.ActiveCfg = Debug|Any CPU
		{6AB10FD9-43D1-409A-A16A-627BFEB8BDE9}.Debug|Any CPU.Build.0 = Debug|Any CPU
		{6AB10FD9-43D1-409A-A16A-627BFEB8BDE9}.Release|Any CPU.ActiveCfg = Release|Any CPU
		{6AB10FD9-43D1-409A-A16A-627BFEB8BDE9}.Release|Any CPU.Build.0 = Release|Any CPU
		{971E2AC6-0C9A-4247-9D4A-E3A01F3C3771}.Debug|Any CPU.ActiveCfg = Debug|Any CPU
		{971E2AC6-0C9A-4247-9D4A-E3A01F3C3771}.Debug|Any CPU.Build.0 = Debug|Any CPU
		{971E2AC6-0C9A-4247-9D4A-E3A01F3C3771}.Release|Any CPU.ActiveCfg = Release|Any CPU
		{971E2AC6-0C9A-4247-9D4A-E3A01F3C3771}.Release|Any CPU.Build.0 = Release|Any CPU
	EndGlobalSection
	GlobalSection(SolutionProperties) = preSolution
		HideSolutionNode = FALSE
	EndGlobalSection
	GlobalSection(NestedProjects) = preSolution
		{271421EA-3FDB-4164-9E5E-A35130AA8127} = {4E6E98AB-3B40-424E-9E77-8A516D3DDE27}
		{C140D10A-58D6-4877-94B1-BBD14727936F} = {271421EA-3FDB-4164-9E5E-A35130AA8127}
		{A471CB4F-DF3C-46AD-9D86-896611979255} = {98E4D157-D145-467D-AC7A-86CB75A8B0A2}
		{75D41D9A-06AD-48CE-AC48-285272BAA05D} = {CD1B3154-00F9-422A-A89D-2CFBCA49473B}
		{D1ED073E-E3C4-41B2-8B63-AA25335FFC7F} = {4E6E98AB-3B40-424E-9E77-8A516D3DDE27}
		{0D558EDA-0037-47D7-9064-1BB5A6EEA00A} = {D1ED073E-E3C4-41B2-8B63-AA25335FFC7F}
		{7660F5D3-4BCF-4247-B4C7-94AA74160420} = {4E6E98AB-3B40-424E-9E77-8A516D3DDE27}
		{90982B93-299C-4076-804F-C2F323B0908B} = {7660F5D3-4BCF-4247-B4C7-94AA74160420}
		{4B3ED3C5-E5AD-4063-99A2-902A36795DF7} = {4E6E98AB-3B40-424E-9E77-8A516D3DDE27}
		{58234B84-D66A-4D8B-B676-18A22FA3C006} = {4B3ED3C5-E5AD-4063-99A2-902A36795DF7}
		{45E03D3C-AFA6-4C69-81F1-1BC279CC0598} = {4E6E98AB-3B40-424E-9E77-8A516D3DDE27}
		{CA6E3FCC-BDFC-4403-94CE-0562294A80C2} = {45E03D3C-AFA6-4C69-81F1-1BC279CC0598}
		{BD2F8143-858D-4EF4-987D-AF7AC975194A} = {45E03D3C-AFA6-4C69-81F1-1BC279CC0598}
		{04C5C50E-FFE5-4E62-95F0-F81E34853061} = {45E03D3C-AFA6-4C69-81F1-1BC279CC0598}
		{6AB10FD9-43D1-409A-A16A-627BFEB8BDE9} = {45E03D3C-AFA6-4C69-81F1-1BC279CC0598}
		{971E2AC6-0C9A-4247-9D4A-E3A01F3C3771} = {45E03D3C-AFA6-4C69-81F1-1BC279CC0598}
	EndGlobalSection
	GlobalSection(ExtensibilityGlobals) = postSolution
		SolutionGuid = {B61ADAE6-6CD4-468F-AD15-F1A51AFF3DB5}
	EndGlobalSection
EndGlobal
