
Microsoft Visual Studio Solution File, Format Version 12.00
# Visual Studio Version 17
VisualStudioVersion = 17.4.33205.214
MinimumVisualStudioVersion = 10.0.40219.1
Project("{2150E333-8FDC-42A3-9474-1A3956D46DE8}") = "Services", "Services", "{4E6E98AB-3B40-424E-9E77-8A516D3DDE27}"
EndProject
Project("{2150E333-8FDC-42A3-9474-1A3956D46DE8}") = "Catalog", "Catalog", "{271421EA-3FDB-4164-9E5E-A35130AA8127}"
EndProject
Project("{9A19103F-16F7-4668-BE54-9A1E7A4F7556}") = "Catalog.Api", "Services\Catalog\Catalog.Api\Catalog.Api.csproj", "{C140D10A-58D6-4877-94B1-BBD14727936F}"
EndProject
Project("{2150E333-8FDC-42A3-9474-1A3956D46DE8}") = "Solution Items", "Solution Items", "{94859A36-6D53-427A-8263-26042E04B9EB}"
	ProjectSection(SolutionItems) = preProject
		Ports.txt = Ports.txt
	EndProjectSection
EndProject
Project("{2150E333-8FDC-42A3-9474-1A3956D46DE8}") = "Shared", "Shared", "{CD1B3154-00F9-422A-A89D-2CFBCA49473B}"
EndProject
Project("{2150E333-8FDC-42A3-9474-1A3956D46DE8}") = "IdentityServer", "IdentityServer", "{98E4D157-D145-467D-AC7A-86CB75A8B0A2}"
EndProject
Project("{9A19103F-16F7-4668-BE54-9A1E7A4F7556}") = "Bookshop.IdentityServer", "IdentityServer\Bookshop.IdentityServer\Bookshop.IdentityServer.csproj", "{A471CB4F-DF3C-46AD-9D86-896611979255}"
EndProject
Project("{9A19103F-16F7-4668-BE54-9A1E7A4F7556}") = "Bookshop.Shared", "Shared\Bookshop.Shared\Bookshop.Shared.csproj", "{75D41D9A-06AD-48CE-AC48-285272BAA05D}"
EndProject
Project("{2150E333-8FDC-42A3-9474-1A3956D46DE8}") = "PhotoStock", "PhotoStock", "{D1ED073E-E3C4-41B2-8B63-AA25335FFC7F}"
EndProject
Project("{FAE04EC0-301F-11D3-BF4B-00C04F79EFBC}") = "Bookshop.PhotoStock", "Services\PhotoStcok\Bookshop.PhotoStock\Bookshop.PhotoStock.csproj", "{0D558EDA-0037-47D7-9064-1BB5A6EEA00A}"
EndProject
Global
	GlobalSection(SolutionConfigurationPlatforms) = preSolution
		Debug|Any CPU = Debug|Any CPU
		Release|Any CPU = Release|Any CPU
	EndGlobalSection
	GlobalSection(ProjectConfigurationPlatforms) = postSolution
		{C140D10A-58D6-4877-94B1-BBD14727936F}.Debug|Any CPU.ActiveCfg = Debug|Any CPU
		{C140D10A-58D6-4877-94B1-BBD14727936F}.Debug|Any CPU.Build.0 = Debug|Any CPU
		{C140D10A-58D6-4877-94B1-BBD14727936F}.Release|Any CPU.ActiveCfg = Release|Any CPU
		{C140D10A-58D6-4877-94B1-BBD14727936F}.Release|Any CPU.Build.0 = Release|Any CPU
		{A471CB4F-DF3C-46AD-9D86-896611979255}.Debug|Any CPU.ActiveCfg = Debug|Any CPU
		{A471CB4F-DF3C-46AD-9D86-896611979255}.Debug|Any CPU.Build.0 = Debug|Any CPU
		{A471CB4F-DF3C-46AD-9D86-896611979255}.Release|Any CPU.ActiveCfg = Release|Any CPU
		{A471CB4F-DF3C-46AD-9D86-896611979255}.Release|Any CPU.Build.0 = Release|Any CPU
		{75D41D9A-06AD-48CE-AC48-285272BAA05D}.Debug|Any CPU.ActiveCfg = Debug|Any CPU
		{75D41D9A-06AD-48CE-AC48-285272BAA05D}.Debug|Any CPU.Build.0 = Debug|Any CPU
		{75D41D9A-06AD-48CE-AC48-285272BAA05D}.Release|Any CPU.ActiveCfg = Release|Any CPU
		{75D41D9A-06AD-48CE-AC48-285272BAA05D}.Release|Any CPU.Build.0 = Release|Any CPU
		{0D558EDA-0037-47D7-9064-1BB5A6EEA00A}.Debug|Any CPU.ActiveCfg = Debug|Any CPU
		{0D558EDA-0037-47D7-9064-1BB5A6EEA00A}.Debug|Any CPU.Build.0 = Debug|Any CPU
		{0D558EDA-0037-47D7-9064-1BB5A6EEA00A}.Release|Any CPU.ActiveCfg = Release|Any CPU
		{0D558EDA-0037-47D7-9064-1BB5A6EEA00A}.Release|Any CPU.Build.0 = Release|Any CPU
	EndGlobalSection
	GlobalSection(SolutionProperties) = preSolution
		HideSolutionNode = FALSE
	EndGlobalSection
	GlobalSection(NestedProjects) = preSolution
		{271421EA-3FDB-4164-9E5E-A35130AA8127} = {4E6E98AB-3B40-424E-9E77-8A516D3DDE27}
		{C140D10A-58D6-4877-94B1-BBD14727936F} = {271421EA-3FDB-4164-9E5E-A35130AA8127}
		{A471CB4F-DF3C-46AD-9D86-896611979255} = {98E4D157-D145-467D-AC7A-86CB75A8B0A2}
		{75D41D9A-06AD-48CE-AC48-285272BAA05D} = {CD1B3154-00F9-422A-A89D-2CFBCA49473B}
		{D1ED073E-E3C4-41B2-8B63-AA25335FFC7F} = {4E6E98AB-3B40-424E-9E77-8A516D3DDE27}
		{0D558EDA-0037-47D7-9064-1BB5A6EEA00A} = {D1ED073E-E3C4-41B2-8B63-AA25335FFC7F}
	EndGlobalSection
	GlobalSection(ExtensibilityGlobals) = postSolution
		SolutionGuid = {B61ADAE6-6CD4-468F-AD15-F1A51AFF3DB5}
	EndGlobalSection
EndGlobal
